// !$*UTF8*$!
{
	archiveVersion = 1;
	classes = {
	};
	objectVersion = 77;
	objects = {

/* Begin PBXBuildFile section */
		8E9658522CC9120B00D99398 /* FirebaseAuth in Frameworks */ = {isa = PBXBuildFile; productRef = 8E9658512CC9120B00D99398 /* FirebaseAuth */; };
		8E9658542CC9120B00D99398 /* FirebaseAuthCombine-Community in Frameworks */ = {isa = PBXBuildFile; productRef = 8E9658532CC9120B00D99398 /* FirebaseAuthCombine-Community */; };
		8E9658562CC9120B00D99398 /* FirebaseCore in Frameworks */ = {isa = PBXBuildFile; productRef = 8E9658552CC9120B00D99398 /* FirebaseCore */; };
		8E9658582CC9120B00D99398 /* FirebaseDatabase in Frameworks */ = {isa = PBXBuildFile; productRef = 8E9658572CC9120B00D99398 /* FirebaseDatabase */; };
		8E96585A2CC9120B00D99398 /* FirebaseFirestore in Frameworks */ = {isa = PBXBuildFile; productRef = 8E9658592CC9120B00D99398 /* FirebaseFirestore */; };
		8E96585C2CC9120B00D99398 /* FirebaseFirestoreCombine-Community in Frameworks */ = {isa = PBXBuildFile; productRef = 8E96585B2CC9120B00D99398 /* FirebaseFirestoreCombine-Community */; };
		8EC2E6852CE0AD2100AC3C8A /* OpenAI in Frameworks */ = {isa = PBXBuildFile; productRef = 8EC2E6842CE0AD2100AC3C8A /* OpenAI */; };
		8ED245572CBAAD4A0007E37C /* Swinject in Frameworks */ = {isa = PBXBuildFile; productRef = 8ED245562CBAAD4A0007E37C /* Swinject */; };
		8EED9E422CBC39540055A0E8 /* SwiftUIIntrospect in Frameworks */ = {isa = PBXBuildFile; productRef = 8EED9E412CBC39540055A0E8 /* SwiftUIIntrospect */; };
		8EED9E462CBC39540055A0E8 /* SwiftUIIntrospect-Static in Frameworks */ = {isa = PBXBuildFile; productRef = 8EED9E452CBC39540055A0E8 /* SwiftUIIntrospect-Static */; };
/* End PBXBuildFile section */

/* Begin PBXContainerItemProxy section */
		8ED245292CBAA3C20007E37C /* PBXContainerItemProxy */ = {
			isa = PBXContainerItemProxy;
			containerPortal = 8ED245102CBAA3C00007E37C /* Project object */;
			proxyType = 1;
			remoteGlobalIDString = 8ED245172CBAA3C00007E37C;
			remoteInfo = "Student Assistant";
		};
		8ED245332CBAA3C20007E37C /* PBXContainerItemProxy */ = {
			isa = PBXContainerItemProxy;
			containerPortal = 8ED245102CBAA3C00007E37C /* Project object */;
			proxyType = 1;
			remoteGlobalIDString = 8ED245172CBAA3C00007E37C;
			remoteInfo = "Student Assistant";
		};
/* End PBXContainerItemProxy section */

/* Begin PBXFileReference section */
		8ED245182CBAA3C00007E37C /* Student Assistant.app */ = {isa = PBXFileReference; explicitFileType = wrapper.application; includeInIndex = 0; path = "Student Assistant.app"; sourceTree = BUILT_PRODUCTS_DIR; };
		8ED245282CBAA3C20007E37C /* Student AssistantTests.xctest */ = {isa = PBXFileReference; explicitFileType = wrapper.cfbundle; includeInIndex = 0; path = "Student AssistantTests.xctest"; sourceTree = BUILT_PRODUCTS_DIR; };
		8ED245322CBAA3C20007E37C /* Student AssistantUITests.xctest */ = {isa = PBXFileReference; explicitFileType = wrapper.cfbundle; includeInIndex = 0; path = "Student AssistantUITests.xctest"; sourceTree = BUILT_PRODUCTS_DIR; };
/* End PBXFileReference section */

/* Begin PBXFileSystemSynchronizedRootGroup section */
		8E96584D2CC9115500D99398 /* Resources */ = {
			isa = PBXFileSystemSynchronizedRootGroup;
			path = Resources;
			sourceTree = "<group>";
		};
		8ED2451A2CBAA3C00007E37C /* Student Assistant */ = {
			isa = PBXFileSystemSynchronizedRootGroup;
			path = "Student Assistant";
			sourceTree = "<group>";
		};
		8ED2452B2CBAA3C20007E37C /* Student AssistantTests */ = {
			isa = PBXFileSystemSynchronizedRootGroup;
			path = "Student AssistantTests";
			sourceTree = "<group>";
		};
		8ED245352CBAA3C20007E37C /* Student AssistantUITests */ = {
			isa = PBXFileSystemSynchronizedRootGroup;
			path = "Student AssistantUITests";
			sourceTree = "<group>";
		};
/* End PBXFileSystemSynchronizedRootGroup section */

/* Begin PBXFrameworksBuildPhase section */
		8ED245152CBAA3C00007E37C /* Frameworks */ = {
			isa = PBXFrameworksBuildPhase;
			buildActionMask = 2147483647;
			files = (
				8EC2E6852CE0AD2100AC3C8A /* OpenAI in Frameworks */,
				8ED245572CBAAD4A0007E37C /* Swinject in Frameworks */,
				8EED9E422CBC39540055A0E8 /* SwiftUIIntrospect in Frameworks */,
				8EED9E462CBC39540055A0E8 /* SwiftUIIntrospect-Static in Frameworks */,
				8E96585C2CC9120B00D99398 /* FirebaseFirestoreCombine-Community in Frameworks */,
				8E9658522CC9120B00D99398 /* FirebaseAuth in Frameworks */,
				8E9658562CC9120B00D99398 /* FirebaseCore in Frameworks */,
				8E96585A2CC9120B00D99398 /* FirebaseFirestore in Frameworks */,
				8E9658582CC9120B00D99398 /* FirebaseDatabase in Frameworks */,
				8E9658542CC9120B00D99398 /* FirebaseAuthCombine-Community in Frameworks */,
			);
			runOnlyForDeploymentPostprocessing = 0;
		};
		8ED245252CBAA3C20007E37C /* Frameworks */ = {
			isa = PBXFrameworksBuildPhase;
			buildActionMask = 2147483647;
			files = (
			);
			runOnlyForDeploymentPostprocessing = 0;
		};
		8ED2452F2CBAA3C20007E37C /* Frameworks */ = {
			isa = PBXFrameworksBuildPhase;
			buildActionMask = 2147483647;
			files = (
			);
			runOnlyForDeploymentPostprocessing = 0;
		};
/* End PBXFrameworksBuildPhase section */

/* Begin PBXGroup section */
		8E8D33DE2CD3BD250045C494 /* Frameworks */ = {
			isa = PBXGroup;
			children = (
			);
			name = Frameworks;
			sourceTree = "<group>";
		};
		8ED2450F2CBAA3BF0007E37C = {
			isa = PBXGroup;
			children = (
				8E96584D2CC9115500D99398 /* Resources */,
				8ED2451A2CBAA3C00007E37C /* Student Assistant */,
				8ED2452B2CBAA3C20007E37C /* Student AssistantTests */,
				8ED245352CBAA3C20007E37C /* Student AssistantUITests */,
				8E8D33DE2CD3BD250045C494 /* Frameworks */,
				8ED245192CBAA3C00007E37C /* Products */,
			);
			sourceTree = "<group>";
		};
		8ED245192CBAA3C00007E37C /* Products */ = {
			isa = PBXGroup;
			children = (
				8ED245182CBAA3C00007E37C /* Student Assistant.app */,
				8ED245282CBAA3C20007E37C /* Student AssistantTests.xctest */,
				8ED245322CBAA3C20007E37C /* Student AssistantUITests.xctest */,
			);
			name = Products;
			sourceTree = "<group>";
		};
/* End PBXGroup section */

/* Begin PBXNativeTarget section */
		8ED245172CBAA3C00007E37C /* Student Assistant */ = {
			isa = PBXNativeTarget;
			buildConfigurationList = 8ED2453C2CBAA3C20007E37C /* Build configuration list for PBXNativeTarget "Student Assistant" */;
			buildPhases = (
				8ED245142CBAA3C00007E37C /* Sources */,
				8ED245152CBAA3C00007E37C /* Frameworks */,
				8ED245162CBAA3C00007E37C /* Resources */,
			);
			buildRules = (
			);
			dependencies = (
			);
			fileSystemSynchronizedGroups = (
				8E96584D2CC9115500D99398 /* Resources */,
				8ED2451A2CBAA3C00007E37C /* Student Assistant */,
			);
			name = "Student Assistant";
			packageProductDependencies = (
				8ED245562CBAAD4A0007E37C /* Swinject */,
				8EED9E412CBC39540055A0E8 /* SwiftUIIntrospect */,
				8EED9E452CBC39540055A0E8 /* SwiftUIIntrospect-Static */,
				8E9658512CC9120B00D99398 /* FirebaseAuth */,
				8E9658532CC9120B00D99398 /* FirebaseAuthCombine-Community */,
				8E9658552CC9120B00D99398 /* FirebaseCore */,
				8E9658572CC9120B00D99398 /* FirebaseDatabase */,
				8E9658592CC9120B00D99398 /* FirebaseFirestore */,
				8E96585B2CC9120B00D99398 /* FirebaseFirestoreCombine-Community */,
				8EC2E6842CE0AD2100AC3C8A /* OpenAI */,
			);
			productName = "Student Assistant";
			productReference = 8ED245182CBAA3C00007E37C /* Student Assistant.app */;
			productType = "com.apple.product-type.application";
		};
		8ED245272CBAA3C20007E37C /* Student AssistantTests */ = {
			isa = PBXNativeTarget;
			buildConfigurationList = 8ED2453F2CBAA3C20007E37C /* Build configuration list for PBXNativeTarget "Student AssistantTests" */;
			buildPhases = (
				8ED245242CBAA3C20007E37C /* Sources */,
				8ED245252CBAA3C20007E37C /* Frameworks */,
				8ED245262CBAA3C20007E37C /* Resources */,
			);
			buildRules = (
			);
			dependencies = (
				8ED2452A2CBAA3C20007E37C /* PBXTargetDependency */,
			);
			fileSystemSynchronizedGroups = (
				8ED2452B2CBAA3C20007E37C /* Student AssistantTests */,
			);
			name = "Student AssistantTests";
			packageProductDependencies = (
			);
			productName = "Student AssistantTests";
			productReference = 8ED245282CBAA3C20007E37C /* Student AssistantTests.xctest */;
			productType = "com.apple.product-type.bundle.unit-test";
		};
		8ED245312CBAA3C20007E37C /* Student AssistantUITests */ = {
			isa = PBXNativeTarget;
			buildConfigurationList = 8ED245422CBAA3C20007E37C /* Build configuration list for PBXNativeTarget "Student AssistantUITests" */;
			buildPhases = (
				8ED2452E2CBAA3C20007E37C /* Sources */,
				8ED2452F2CBAA3C20007E37C /* Frameworks */,
				8ED245302CBAA3C20007E37C /* Resources */,
			);
			buildRules = (
			);
			dependencies = (
				8ED245342CBAA3C20007E37C /* PBXTargetDependency */,
			);
			fileSystemSynchronizedGroups = (
				8ED245352CBAA3C20007E37C /* Student AssistantUITests */,
			);
			name = "Student AssistantUITests";
			packageProductDependencies = (
			);
			productName = "Student AssistantUITests";
			productReference = 8ED245322CBAA3C20007E37C /* Student AssistantUITests.xctest */;
			productType = "com.apple.product-type.bundle.ui-testing";
		};
/* End PBXNativeTarget section */

/* Begin PBXProject section */
		8ED245102CBAA3C00007E37C /* Project object */ = {
			isa = PBXProject;
			attributes = {
				BuildIndependentTargetsInParallel = 1;
				LastSwiftUpdateCheck = 1600;
				LastUpgradeCheck = 1610;
				TargetAttributes = {
					8ED245172CBAA3C00007E37C = {
						CreatedOnToolsVersion = 16.0;
					};
					8ED245272CBAA3C20007E37C = {
						CreatedOnToolsVersion = 16.0;
						TestTargetID = 8ED245172CBAA3C00007E37C;
					};
					8ED245312CBAA3C20007E37C = {
						CreatedOnToolsVersion = 16.0;
						TestTargetID = 8ED245172CBAA3C00007E37C;
					};
				};
			};
			buildConfigurationList = 8ED245132CBAA3C00007E37C /* Build configuration list for PBXProject "Student Assistant" */;
			developmentRegion = en;
			hasScannedForEncodings = 0;
			knownRegions = (
				en,
				Base,
				ro,
			);
			mainGroup = 8ED2450F2CBAA3BF0007E37C;
			minimizedProjectReferenceProxies = 1;
			packageReferences = (
				8ED245552CBAAD4A0007E37C /* XCRemoteSwiftPackageReference "Swinject" */,
				8EED9E402CBC39540055A0E8 /* XCRemoteSwiftPackageReference "SwiftUI-Introspect" */,
				8E9658502CC9120B00D99398 /* XCRemoteSwiftPackageReference "firebase-ios-sdk" */,
				8E8D33DD2CD3BCAE0045C494 /* XCRemoteSwiftPackageReference "SwiftLintPlugins" */,
				8EC2E6832CE0AD2100AC3C8A /* XCRemoteSwiftPackageReference "OpenAI" */,
			);
			preferredProjectObjectVersion = 77;
			productRefGroup = 8ED245192CBAA3C00007E37C /* Products */;
			projectDirPath = "";
			projectRoot = "";
			targets = (
				8ED245172CBAA3C00007E37C /* Student Assistant */,
				8ED245272CBAA3C20007E37C /* Student AssistantTests */,
				8ED245312CBAA3C20007E37C /* Student AssistantUITests */,
			);
		};
/* End PBXProject section */

/* Begin PBXResourcesBuildPhase section */
		8ED245162CBAA3C00007E37C /* Resources */ = {
			isa = PBXResourcesBuildPhase;
			buildActionMask = 2147483647;
			files = (
			);
			runOnlyForDeploymentPostprocessing = 0;
		};
		8ED245262CBAA3C20007E37C /* Resources */ = {
			isa = PBXResourcesBuildPhase;
			buildActionMask = 2147483647;
			files = (
			);
			runOnlyForDeploymentPostprocessing = 0;
		};
		8ED245302CBAA3C20007E37C /* Resources */ = {
			isa = PBXResourcesBuildPhase;
			buildActionMask = 2147483647;
			files = (
			);
			runOnlyForDeploymentPostprocessing = 0;
		};
/* End PBXResourcesBuildPhase section */

/* Begin PBXSourcesBuildPhase section */
		8ED245142CBAA3C00007E37C /* Sources */ = {
			isa = PBXSourcesBuildPhase;
			buildActionMask = 2147483647;
			files = (
			);
			runOnlyForDeploymentPostprocessing = 0;
		};
		8ED245242CBAA3C20007E37C /* Sources */ = {
			isa = PBXSourcesBuildPhase;
			buildActionMask = 2147483647;
			files = (
			);
			runOnlyForDeploymentPostprocessing = 0;
		};
		8ED2452E2CBAA3C20007E37C /* Sources */ = {
			isa = PBXSourcesBuildPhase;
			buildActionMask = 2147483647;
			files = (
			);
			runOnlyForDeploymentPostprocessing = 0;
		};
/* End PBXSourcesBuildPhase section */

/* Begin PBXTargetDependency section */
		8ED2452A2CBAA3C20007E37C /* PBXTargetDependency */ = {
			isa = PBXTargetDependency;
			target = 8ED245172CBAA3C00007E37C /* Student Assistant */;
			targetProxy = 8ED245292CBAA3C20007E37C /* PBXContainerItemProxy */;
		};
		8ED245342CBAA3C20007E37C /* PBXTargetDependency */ = {
			isa = PBXTargetDependency;
			target = 8ED245172CBAA3C00007E37C /* Student Assistant */;
			targetProxy = 8ED245332CBAA3C20007E37C /* PBXContainerItemProxy */;
		};
/* End PBXTargetDependency section */

/* Begin XCBuildConfiguration section */
		8ED2453A2CBAA3C20007E37C /* Debug */ = {
			isa = XCBuildConfiguration;
			buildSettings = {
				ALWAYS_SEARCH_USER_PATHS = NO;
				ASSETCATALOG_COMPILER_GENERATE_SWIFT_ASSET_SYMBOL_EXTENSIONS = YES;
				CLANG_ANALYZER_LOCALIZABILITY_NONLOCALIZED = YES;
				CLANG_ANALYZER_NONNULL = YES;
				CLANG_ANALYZER_NUMBER_OBJECT_CONVERSION = YES_AGGRESSIVE;
				CLANG_CXX_LANGUAGE_STANDARD = "gnu++20";
				CLANG_ENABLE_MODULES = YES;
				CLANG_ENABLE_OBJC_ARC = YES;
				CLANG_ENABLE_OBJC_WEAK = YES;
				CLANG_WARN_BLOCK_CAPTURE_AUTORELEASING = YES;
				CLANG_WARN_BOOL_CONVERSION = YES;
				CLANG_WARN_COMMA = YES;
				CLANG_WARN_CONSTANT_CONVERSION = YES;
				CLANG_WARN_DEPRECATED_OBJC_IMPLEMENTATIONS = YES;
				CLANG_WARN_DIRECT_OBJC_ISA_USAGE = YES_ERROR;
				CLANG_WARN_DOCUMENTATION_COMMENTS = YES;
				CLANG_WARN_EMPTY_BODY = YES;
				CLANG_WARN_ENUM_CONVERSION = YES;
				CLANG_WARN_INFINITE_RECURSION = YES;
				CLANG_WARN_INT_CONVERSION = YES;
				CLANG_WARN_NON_LITERAL_NULL_CONVERSION = YES;
				CLANG_WARN_OBJC_IMPLICIT_RETAIN_SELF = YES;
				CLANG_WARN_OBJC_LITERAL_CONVERSION = YES;
				CLANG_WARN_OBJC_ROOT_CLASS = YES_ERROR;
				CLANG_WARN_QUOTED_INCLUDE_IN_FRAMEWORK_HEADER = YES;
				CLANG_WARN_RANGE_LOOP_ANALYSIS = YES;
				CLANG_WARN_STRICT_PROTOTYPES = YES;
				CLANG_WARN_SUSPICIOUS_MOVE = YES;
				CLANG_WARN_UNGUARDED_AVAILABILITY = YES_AGGRESSIVE;
				CLANG_WARN_UNREACHABLE_CODE = YES;
				CLANG_WARN__DUPLICATE_METHOD_MATCH = YES;
				COPY_PHASE_STRIP = NO;
				DEBUG_INFORMATION_FORMAT = dwarf;
				ENABLE_STRICT_OBJC_MSGSEND = YES;
				ENABLE_TESTABILITY = YES;
				ENABLE_USER_SCRIPT_SANDBOXING = YES;
				GCC_C_LANGUAGE_STANDARD = gnu17;
				GCC_DYNAMIC_NO_PIC = NO;
				GCC_NO_COMMON_BLOCKS = YES;
				GCC_OPTIMIZATION_LEVEL = 0;
				GCC_PREPROCESSOR_DEFINITIONS = (
					"DEBUG=1",
					"$(inherited)",
				);
				GCC_WARN_64_TO_32_BIT_CONVERSION = YES;
				GCC_WARN_ABOUT_RETURN_TYPE = YES_ERROR;
				GCC_WARN_UNDECLARED_SELECTOR = YES;
				GCC_WARN_UNINITIALIZED_AUTOS = YES_AGGRESSIVE;
				GCC_WARN_UNUSED_FUNCTION = YES;
				GCC_WARN_UNUSED_VARIABLE = YES;
				INFOPLIST_KEY_NSLocationUsageDescription = "We use your location to display exams near you and improve your user experience.";
				INFOPLIST_KEY_NSLocationWhenInUseUsageDescription = "Your location is needed to show nearby places.";
				IPHONEOS_DEPLOYMENT_TARGET = 18.0;
				LOCALIZATION_PREFERS_STRING_CATALOGS = YES;
				MTL_ENABLE_DEBUG_INFO = INCLUDE_SOURCE;
				MTL_FAST_MATH = YES;
				ONLY_ACTIVE_ARCH = YES;
				SDKROOT = iphoneos;
				SWIFT_ACTIVE_COMPILATION_CONDITIONS = "DEBUG $(inherited)";
				SWIFT_EMIT_LOC_STRINGS = YES;
				SWIFT_OPTIMIZATION_LEVEL = "-Onone";
			};
			name = Debug;
		};
		8ED2453B2CBAA3C20007E37C /* Release */ = {
			isa = XCBuildConfiguration;
			buildSettings = {
				ALWAYS_SEARCH_USER_PATHS = NO;
				ASSETCATALOG_COMPILER_GENERATE_SWIFT_ASSET_SYMBOL_EXTENSIONS = YES;
				CLANG_ANALYZER_LOCALIZABILITY_NONLOCALIZED = YES;
				CLANG_ANALYZER_NONNULL = YES;
				CLANG_ANALYZER_NUMBER_OBJECT_CONVERSION = YES_AGGRESSIVE;
				CLANG_CXX_LANGUAGE_STANDARD = "gnu++20";
				CLANG_ENABLE_MODULES = YES;
				CLANG_ENABLE_OBJC_ARC = YES;
				CLANG_ENABLE_OBJC_WEAK = YES;
				CLANG_WARN_BLOCK_CAPTURE_AUTORELEASING = YES;
				CLANG_WARN_BOOL_CONVERSION = YES;
				CLANG_WARN_COMMA = YES;
				CLANG_WARN_CONSTANT_CONVERSION = YES;
				CLANG_WARN_DEPRECATED_OBJC_IMPLEMENTATIONS = YES;
				CLANG_WARN_DIRECT_OBJC_ISA_USAGE = YES_ERROR;
				CLANG_WARN_DOCUMENTATION_COMMENTS = YES;
				CLANG_WARN_EMPTY_BODY = YES;
				CLANG_WARN_ENUM_CONVERSION = YES;
				CLANG_WARN_INFINITE_RECURSION = YES;
				CLANG_WARN_INT_CONVERSION = YES;
				CLANG_WARN_NON_LITERAL_NULL_CONVERSION = YES;
				CLANG_WARN_OBJC_IMPLICIT_RETAIN_SELF = YES;
				CLANG_WARN_OBJC_LITERAL_CONVERSION = YES;
				CLANG_WARN_OBJC_ROOT_CLASS = YES_ERROR;
				CLANG_WARN_QUOTED_INCLUDE_IN_FRAMEWORK_HEADER = YES;
				CLANG_WARN_RANGE_LOOP_ANALYSIS = YES;
				CLANG_WARN_STRICT_PROTOTYPES = YES;
				CLANG_WARN_SUSPICIOUS_MOVE = YES;
				CLANG_WARN_UNGUARDED_AVAILABILITY = YES_AGGRESSIVE;
				CLANG_WARN_UNREACHABLE_CODE = YES;
				CLANG_WARN__DUPLICATE_METHOD_MATCH = YES;
				COPY_PHASE_STRIP = NO;
				DEBUG_INFORMATION_FORMAT = "dwarf-with-dsym";
				ENABLE_NS_ASSERTIONS = NO;
				ENABLE_STRICT_OBJC_MSGSEND = YES;
				ENABLE_USER_SCRIPT_SANDBOXING = YES;
				GCC_C_LANGUAGE_STANDARD = gnu17;
				GCC_NO_COMMON_BLOCKS = YES;
				GCC_WARN_64_TO_32_BIT_CONVERSION = YES;
				GCC_WARN_ABOUT_RETURN_TYPE = YES_ERROR;
				GCC_WARN_UNDECLARED_SELECTOR = YES;
				GCC_WARN_UNINITIALIZED_AUTOS = YES_AGGRESSIVE;
				GCC_WARN_UNUSED_FUNCTION = YES;
				GCC_WARN_UNUSED_VARIABLE = YES;
				INFOPLIST_KEY_NSLocationUsageDescription = "We use your location to display exams near you and improve your user experience.";
				INFOPLIST_KEY_NSLocationWhenInUseUsageDescription = "Your location is needed to show nearby places.";
				IPHONEOS_DEPLOYMENT_TARGET = 18.0;
				LOCALIZATION_PREFERS_STRING_CATALOGS = YES;
				MTL_ENABLE_DEBUG_INFO = NO;
				MTL_FAST_MATH = YES;
				SDKROOT = iphoneos;
				SWIFT_COMPILATION_MODE = wholemodule;
				SWIFT_EMIT_LOC_STRINGS = YES;
				VALIDATE_PRODUCT = YES;
			};
			name = Release;
		};
		8ED2453D2CBAA3C20007E37C /* Debug */ = {
			isa = XCBuildConfiguration;
			buildSettings = {
				ASSETCATALOG_COMPILER_APPICON_NAME = AppIcon;
				ASSETCATALOG_COMPILER_GLOBAL_ACCENT_COLOR_NAME = AccentColor;
				ASSETCATALOG_COMPILER_INCLUDE_ALL_APPICON_ASSETS = NO;
				CODE_SIGN_ENTITLEMENTS = "Student Assistant/Student Assistant.entitlements";
				CODE_SIGN_STYLE = Automatic;
				CURRENT_PROJECT_VERSION = 3;
				DEVELOPMENT_ASSET_PATHS = "\"Student Assistant/Preview Content\"";
				DEVELOPMENT_TEAM = 8B683A2ABG;
				ENABLE_PREVIEWS = YES;
				ENABLE_USER_SCRIPT_SANDBOXING = NO;
				GENERATE_INFOPLIST_FILE = YES;
				INFOPLIST_FILE = "Student-Assistant-Info.plist";
				INFOPLIST_KEY_CFBundleDisplayName = "Student Buddy";
				INFOPLIST_KEY_LSApplicationCategoryType = "public.app-category.education";
				INFOPLIST_KEY_NSDocumentsFolderUsageDescription = "This app requires access to documents for importing and processing PDFs.";
				INFOPLIST_KEY_NSLocationAlwaysAndWhenInUseUsageDescription = "We use your location to display exams adresses near you and improve your user experience.";
				INFOPLIST_KEY_NSLocationAlwaysUsageDescription = "We use your location to display exams adresses near you and improve your user experience.";
				INFOPLIST_KEY_NSLocationUsageDescription = "We use your location to display exams near you and improve your user experience.";
				INFOPLIST_KEY_NSLocationWhenInUseUsageDescription = "Your location is needed to show nearby places.";
				INFOPLIST_KEY_UIApplicationSceneManifest_Generation = YES;
				INFOPLIST_KEY_UIApplicationSupportsIndirectInputEvents = YES;
				INFOPLIST_KEY_UILaunchScreen_Generation = YES;
				INFOPLIST_KEY_UILaunchStoryboardName = "Launch Screen.storyboard";
				INFOPLIST_KEY_UIRequiresFullScreen = YES;
				INFOPLIST_KEY_UISupportedInterfaceOrientations = UIInterfaceOrientationPortrait;
				INFOPLIST_KEY_UISupportedInterfaceOrientations_iPad = "UIInterfaceOrientationPortrait UIInterfaceOrientationPortraitUpsideDown";
				IPHONEOS_DEPLOYMENT_TARGET = 17.0;
				LD_RUNPATH_SEARCH_PATHS = (
					"$(inherited)",
					"@executable_path/Frameworks",
				);
				MARKETING_VERSION = 0.1.0;
				PRODUCT_BUNDLE_IDENTIFIER = "com.miloiu.Student-Assistant";
				PRODUCT_NAME = "$(TARGET_NAME)";
				SUPPORTED_PLATFORMS = "iphoneos iphonesimulator";
				SUPPORTS_MACCATALYST = NO;
				SUPPORTS_MAC_DESIGNED_FOR_IPHONE_IPAD = NO;
				SUPPORTS_XR_DESIGNED_FOR_IPHONE_IPAD = NO;
				SWIFT_EMIT_LOC_STRINGS = YES;
				SWIFT_VERSION = 5.0;
				TARGETED_DEVICE_FAMILY = "1,2";
			};
			name = Debug;
		};
		8ED2453E2CBAA3C20007E37C /* Release */ = {
			isa = XCBuildConfiguration;
			buildSettings = {
				ASSETCATALOG_COMPILER_APPICON_NAME = AppIcon;
				ASSETCATALOG_COMPILER_GLOBAL_ACCENT_COLOR_NAME = AccentColor;
				ASSETCATALOG_COMPILER_INCLUDE_ALL_APPICON_ASSETS = NO;
				CODE_SIGN_ENTITLEMENTS = "Student Assistant/Student Assistant.entitlements";
				CODE_SIGN_STYLE = Automatic;
				CURRENT_PROJECT_VERSION = 3;
				DEVELOPMENT_ASSET_PATHS = "\"Student Assistant/Preview Content\"";
				DEVELOPMENT_TEAM = 8B683A2ABG;
				ENABLE_PREVIEWS = YES;
				ENABLE_USER_SCRIPT_SANDBOXING = NO;
				GENERATE_INFOPLIST_FILE = YES;
				INFOPLIST_FILE = "Student-Assistant-Info.plist";
				INFOPLIST_KEY_CFBundleDisplayName = "Student Buddy";
				INFOPLIST_KEY_LSApplicationCategoryType = "public.app-category.education";
				INFOPLIST_KEY_NSDocumentsFolderUsageDescription = "This app requires access to documents for importing and processing PDFs.";
				INFOPLIST_KEY_NSLocationAlwaysAndWhenInUseUsageDescription = "We use your location to display exams adresses near you and improve your user experience.";
				INFOPLIST_KEY_NSLocationAlwaysUsageDescription = "We use your location to display exams adresses near you and improve your user experience.";
				INFOPLIST_KEY_NSLocationUsageDescription = "We use your location to display exams near you and improve your user experience.";
				INFOPLIST_KEY_NSLocationWhenInUseUsageDescription = "Your location is needed to show nearby places.";
				INFOPLIST_KEY_UIApplicationSceneManifest_Generation = YES;
				INFOPLIST_KEY_UIApplicationSupportsIndirectInputEvents = YES;
				INFOPLIST_KEY_UILaunchScreen_Generation = YES;
				INFOPLIST_KEY_UILaunchStoryboardName = "Launch Screen.storyboard";
				INFOPLIST_KEY_UIRequiresFullScreen = YES;
				INFOPLIST_KEY_UISupportedInterfaceOrientations = UIInterfaceOrientationPortrait;
				INFOPLIST_KEY_UISupportedInterfaceOrientations_iPad = "UIInterfaceOrientationPortrait UIInterfaceOrientationPortraitUpsideDown";
				IPHONEOS_DEPLOYMENT_TARGET = 17.0;
				LD_RUNPATH_SEARCH_PATHS = (
					"$(inherited)",
					"@executable_path/Frameworks",
				);
				MARKETING_VERSION = 0.1.0;
				PRODUCT_BUNDLE_IDENTIFIER = "com.miloiu.Student-Assistant";
				PRODUCT_NAME = "$(TARGET_NAME)";
				SUPPORTED_PLATFORMS = "iphoneos iphonesimulator";
				SUPPORTS_MACCATALYST = NO;
				SUPPORTS_MAC_DESIGNED_FOR_IPHONE_IPAD = NO;
				SUPPORTS_XR_DESIGNED_FOR_IPHONE_IPAD = NO;
				SWIFT_EMIT_LOC_STRINGS = YES;
				SWIFT_VERSION = 5.0;
				TARGETED_DEVICE_FAMILY = "1,2";
			};
			name = Release;
		};
		8ED245402CBAA3C20007E37C /* Debug */ = {
			isa = XCBuildConfiguration;
			buildSettings = {
				BUNDLE_LOADER = "$(TEST_HOST)";
				CODE_SIGN_STYLE = Automatic;
				CURRENT_PROJECT_VERSION = 1;
				DEBUG_INFORMATION_FORMAT = "dwarf-with-dsym";
				DEVELOPMENT_TEAM = 8B683A2ABG;
				GENERATE_INFOPLIST_FILE = YES;
				IPHONEOS_DEPLOYMENT_TARGET = 18.0;
				MARKETING_VERSION = 1.0;
				PRODUCT_BUNDLE_IDENTIFIER = "com.miloiu.Student-AssistantTests";
				PRODUCT_NAME = "$(TARGET_NAME)";
				SUPPORTED_PLATFORMS = "iphoneos iphonesimulator";
				SUPPORTS_MACCATALYST = NO;
				SUPPORTS_XR_DESIGNED_FOR_IPHONE_IPAD = NO;
				SWIFT_EMIT_LOC_STRINGS = NO;
				SWIFT_VERSION = 5.0;
				TARGETED_DEVICE_FAMILY = "1,2";
				TEST_HOST = "$(BUILT_PRODUCTS_DIR)/Student Assistant.app/$(BUNDLE_EXECUTABLE_FOLDER_PATH)/Student Assistant";
			};
			name = Debug;
		};
		8ED245412CBAA3C20007E37C /* Release */ = {
			isa = XCBuildConfiguration;
			buildSettings = {
				BUNDLE_LOADER = "$(TEST_HOST)";
				CODE_SIGN_STYLE = Automatic;
				CURRENT_PROJECT_VERSION = 1;
				DEVELOPMENT_TEAM = 8B683A2ABG;
				GENERATE_INFOPLIST_FILE = YES;
				IPHONEOS_DEPLOYMENT_TARGET = 18.0;
				MARKETING_VERSION = 1.0;
				PRODUCT_BUNDLE_IDENTIFIER = "com.miloiu.Student-AssistantTests";
				PRODUCT_NAME = "$(TARGET_NAME)";
				SUPPORTED_PLATFORMS = "iphoneos iphonesimulator";
				SUPPORTS_MACCATALYST = NO;
				SUPPORTS_XR_DESIGNED_FOR_IPHONE_IPAD = NO;
				SWIFT_EMIT_LOC_STRINGS = NO;
				SWIFT_VERSION = 5.0;
				TARGETED_DEVICE_FAMILY = "1,2";
				TEST_HOST = "$(BUILT_PRODUCTS_DIR)/Student Assistant.app/$(BUNDLE_EXECUTABLE_FOLDER_PATH)/Student Assistant";
			};
			name = Release;
		};
		8ED245432CBAA3C20007E37C /* Debug */ = {
			isa = XCBuildConfiguration;
			buildSettings = {
				CODE_SIGN_STYLE = Automatic;
				CURRENT_PROJECT_VERSION = 1;
				DEVELOPMENT_TEAM = 8B683A2ABG;
				GENERATE_INFOPLIST_FILE = YES;
				MARKETING_VERSION = 1.0;
				PRODUCT_BUNDLE_IDENTIFIER = "com.miloiu.Student-AssistantUITests";
				PRODUCT_NAME = "$(TARGET_NAME)";
				SWIFT_EMIT_LOC_STRINGS = NO;
				SWIFT_VERSION = 5.0;
				TARGETED_DEVICE_FAMILY = "1,2";
				TEST_TARGET_NAME = "Student Assistant";
			};
			name = Debug;
		};
		8ED245442CBAA3C20007E37C /* Release */ = {
			isa = XCBuildConfiguration;
			buildSettings = {
				CODE_SIGN_STYLE = Automatic;
				CURRENT_PROJECT_VERSION = 1;
				DEVELOPMENT_TEAM = 8B683A2ABG;
				GENERATE_INFOPLIST_FILE = YES;
				MARKETING_VERSION = 1.0;
				PRODUCT_BUNDLE_IDENTIFIER = "com.miloiu.Student-AssistantUITests";
				PRODUCT_NAME = "$(TARGET_NAME)";
				SWIFT_EMIT_LOC_STRINGS = NO;
				SWIFT_VERSION = 5.0;
				TARGETED_DEVICE_FAMILY = "1,2";
				TEST_TARGET_NAME = "Student Assistant";
			};
			name = Release;
		};
/* End XCBuildConfiguration section */

/* Begin XCConfigurationList section */
		8ED245132CBAA3C00007E37C /* Build configuration list for PBXProject "Student Assistant" */ = {
			isa = XCConfigurationList;
			buildConfigurations = (
				8ED2453A2CBAA3C20007E37C /* Debug */,
				8ED2453B2CBAA3C20007E37C /* Release */,
			);
			defaultConfigurationIsVisible = 0;
			defaultConfigurationName = Release;
		};
		8ED2453C2CBAA3C20007E37C /* Build configuration list for PBXNativeTarget "Student Assistant" */ = {
			isa = XCConfigurationList;
			buildConfigurations = (
				8ED2453D2CBAA3C20007E37C /* Debug */,
				8ED2453E2CBAA3C20007E37C /* Release */,
			);
			defaultConfigurationIsVisible = 0;
			defaultConfigurationName = Release;
		};
		8ED2453F2CBAA3C20007E37C /* Build configuration list for PBXNativeTarget "Student AssistantTests" */ = {
			isa = XCConfigurationList;
			buildConfigurations = (
				8ED245402CBAA3C20007E37C /* Debug */,
				8ED245412CBAA3C20007E37C /* Release */,
			);
			defaultConfigurationIsVisible = 0;
			defaultConfigurationName = Release;
		};
		8ED245422CBAA3C20007E37C /* Build configuration list for PBXNativeTarget "Student AssistantUITests" */ = {
			isa = XCConfigurationList;
			buildConfigurations = (
				8ED245432CBAA3C20007E37C /* Debug */,
				8ED245442CBAA3C20007E37C /* Release */,
			);
			defaultConfigurationIsVisible = 0;
			defaultConfigurationName = Release;
		};
/* End XCConfigurationList section */

/* Begin XCRemoteSwiftPackageReference section */
		8E8D33DD2CD3BCAE0045C494 /* XCRemoteSwiftPackageReference "SwiftLintPlugins" */ = {
			isa = XCRemoteSwiftPackageReference;
			repositoryURL = "https://github.com/SimplyDanny/SwiftLintPlugins";
			requirement = {
				kind = upToNextMajorVersion;
				minimumVersion = 0.57.0;
			};
		};
		8E9658502CC9120B00D99398 /* XCRemoteSwiftPackageReference "firebase-ios-sdk" */ = {
			isa = XCRemoteSwiftPackageReference;
			repositoryURL = "https://github.com/firebase/firebase-ios-sdk";
			requirement = {
				kind = upToNextMajorVersion;
				minimumVersion = 11.4.0;
			};
		};
		8EC2E6832CE0AD2100AC3C8A /* XCRemoteSwiftPackageReference "OpenAI" */ = {
			isa = XCRemoteSwiftPackageReference;
			repositoryURL = "https://github.com/MacPaw/OpenAI.git";
			requirement = {
				kind = upToNextMajorVersion;
				minimumVersion = 0.3.0;
			};
		};
		8ED245552CBAAD4A0007E37C /* XCRemoteSwiftPackageReference "Swinject" */ = {
			isa = XCRemoteSwiftPackageReference;
			repositoryURL = "https://github.com/Swinject/Swinject.git";
			requirement = {
				kind = upToNextMajorVersion;
				minimumVersion = 2.9.1;
			};
		};
		8EED9E402CBC39540055A0E8 /* XCRemoteSwiftPackageReference "SwiftUI-Introspect" */ = {
			isa = XCRemoteSwiftPackageReference;
			repositoryURL = "https://github.com/siteline/SwiftUI-Introspect";
			requirement = {
				kind = upToNextMajorVersion;
				minimumVersion = 1.3.0;
			};
		};
/* End XCRemoteSwiftPackageReference section */

/* Begin XCSwiftPackageProductDependency section */
		8E9658512CC9120B00D99398 /* FirebaseAuth */ = {
			isa = XCSwiftPackageProductDependency;
			package = 8E9658502CC9120B00D99398 /* XCRemoteSwiftPackageReference "firebase-ios-sdk" */;
			productName = FirebaseAuth;
		};
		8E9658532CC9120B00D99398 /* FirebaseAuthCombine-Community */ = {
			isa = XCSwiftPackageProductDependency;
			package = 8E9658502CC9120B00D99398 /* XCRemoteSwiftPackageReference "firebase-ios-sdk" */;
			productName = "FirebaseAuthCombine-Community";
		};
		8E9658552CC9120B00D99398 /* FirebaseCore */ = {
			isa = XCSwiftPackageProductDependency;
			package = 8E9658502CC9120B00D99398 /* XCRemoteSwiftPackageReference "firebase-ios-sdk" */;
			productName = FirebaseCore;
		};
		8E9658572CC9120B00D99398 /* FirebaseDatabase */ = {
			isa = XCSwiftPackageProductDependency;
			package = 8E9658502CC9120B00D99398 /* XCRemoteSwiftPackageReference "firebase-ios-sdk" */;
			productName = FirebaseDatabase;
		};
		8E9658592CC9120B00D99398 /* FirebaseFirestore */ = {
			isa = XCSwiftPackageProductDependency;
			package = 8E9658502CC9120B00D99398 /* XCRemoteSwiftPackageReference "firebase-ios-sdk" */;
			productName = FirebaseFirestore;
		};
		8E96585B2CC9120B00D99398 /* FirebaseFirestoreCombine-Community */ = {
			isa = XCSwiftPackageProductDependency;
			package = 8E9658502CC9120B00D99398 /* XCRemoteSwiftPackageReference "firebase-ios-sdk" */;
			productName = "FirebaseFirestoreCombine-Community";
		};
		8EC2E6842CE0AD2100AC3C8A /* OpenAI */ = {
			isa = XCSwiftPackageProductDependency;
			package = 8EC2E6832CE0AD2100AC3C8A /* XCRemoteSwiftPackageReference "OpenAI" */;
			productName = OpenAI;
		};
		8ED245562CBAAD4A0007E37C /* Swinject */ = {
			isa = XCSwiftPackageProductDependency;
			package = 8ED245552CBAAD4A0007E37C /* XCRemoteSwiftPackageReference "Swinject" */;
			productName = Swinject;
		};
		8EED9E412CBC39540055A0E8 /* SwiftUIIntrospect */ = {
			isa = XCSwiftPackageProductDependency;
			package = 8EED9E402CBC39540055A0E8 /* XCRemoteSwiftPackageReference "SwiftUI-Introspect" */;
			productName = SwiftUIIntrospect;
		};
		8EED9E452CBC39540055A0E8 /* SwiftUIIntrospect-Static */ = {
			isa = XCSwiftPackageProductDependency;
			package = 8EED9E402CBC39540055A0E8 /* XCRemoteSwiftPackageReference "SwiftUI-Introspect" */;
			productName = "SwiftUIIntrospect-Static";
		};
/* End XCSwiftPackageProductDependency section */
	};
	rootObject = 8ED245102CBAA3C00007E37C /* Project object */;
}
